
Microsoft Visual Studio Solution File, Format Version 12.00
# Visual Studio 2015
Project("{FAE04EC0-301F-11D3-BF4B-00C04F79EFBC}") = "FishKicker", "FishKicker.csproj", "{F690E8AA-C491-A758-8E44-0881D8D1360A}"
EndProject
Global
	GlobalSection(SolutionConfigurationPlatforms) = preSolution
		Debug|Any CPU = Debug|Any CPU
		Release|Any CPU = Release|Any CPU
	EndGlobalSection
	GlobalSection(ProjectConfigurationPlatforms) = postSolution
		{F690E8AA-C491-A758-8E44-0881D8D1360A}.Debug|Any CPU.ActiveCfg = Debug|Any CPU
		{F690E8AA-C491-A758-8E44-0881D8D1360A}.Debug|Any CPU.Build.0 = Debug|Any CPU
		{F690E8AA-C491-A758-8E44-0881D8D1360A}.Release|Any CPU.ActiveCfg = Release|Any CPU
		{F690E8AA-C491-A758-8E44-0881D8D1360A}.Release|Any CPU.Build.0 = Release|Any CPU
	EndGlobalSection
	GlobalSection(SolutionProperties) = preSolution
		HideSolutionNode = FALSE
	EndGlobalSection
EndGlobal
